PODS:
  - Flutter (1.0.0)
  - flutter_secure_storage (6.0.0):
    - Flutter
  - ObjectBox (5.3.0-beta.4-sync)
  - objectbox_sync_flutter_libs (0.0.1):
    - Flutter
    - ObjectBox (= 5.3.0-beta.4-sync)
  - path_provider_foundation (0.0.1):
    - Flutter
    - FlutterMacOS

DEPENDENCIES:
  - Flutter (from `Flutter`)
  - flutter_secure_storage (from `.symlinks/plugins/flutter_secure_storage/ios`)
  - objectbox_sync_flutter_libs (from `.symlinks/plugins/objectbox_sync_flutter_libs/ios`)
  - path_provider_foundation (from `.symlinks/plugins/path_provider_foundation/darwin`)

SPEC REPOS:
  trunk:
    - ObjectBox

EXTERNAL SOURCES:
  Flutter:
    :path: Flutter
  flutter_secure_storage:
    :path: ".symlinks/plugins/flutter_secure_storage/ios"
  objectbox_sync_flutter_libs:
    :path: ".symlinks/plugins/objectbox_sync_flutter_libs/ios"
  path_provider_foundation:
    :path: ".symlinks/plugins/path_provider_foundation/darwin"

SPEC CHECKSUMS:
  Flutter: cabc95a1d2626b1b06e7179b784ebcf0c0cde467
  flutter_secure_storage: 1ed9476fba7e7a782b22888f956cce43e2c62f13
  ObjectBox: d89ad6604cd9abc14acaef001678431449f899c6
  objectbox_sync_flutter_libs: 9187328ea16edd945d3e5ef0d2bc50096ec84508
  path_provider_foundation: 080d55be775b7414fd5a5ef3ac137b97b097e564

PODFILE CHECKSUM: cdddfa9a860416e122205d962ea41bf3029a8aaa

COCOAPODS: 1.16.2
